
Microsoft Visual Studio Solution File, Format Version 12.00
# Visual Studio 15
VisualStudioVersion = 15.0.28307.902
MinimumVisualStudioVersion = 10.0.40219.1
Project("{FAE04EC0-301F-11D3-BF4B-00C04F79EFBC}") = "WindowsFormsApp1", "WindowsFormsApp1\WindowsFormsApp1.csproj", "{2B6AD094-DE13-400F-B238-1DECB46CCDEF}"
EndProject
Global
	GlobalSection(SolutionConfigurationPlatforms) = preSolution
		Debug|Any CPU = Debug|Any CPU
		Release|Any CPU = Release|Any CPU
	EndGlobalSection
	GlobalSection(ProjectConfigurationPlatforms) = postSolution
		{2B6AD094-DE13-400F-B238-1DECB46CCDEF}.Debug|Any CPU.ActiveCfg = Debug|Any CPU
		{2B6AD094-DE13-400F-B238-1DECB46CCDEF}.Debug|Any CPU.Build.0 = Debug|Any CPU
		{2B6AD094-DE13-400F-B238-1DECB46CCDEF}.Release|Any CPU.ActiveCfg = Release|Any CPU
		{2B6AD094-DE13-400F-B238-1DECB46CCDEF}.Release|Any CPU.Build.0 = Release|Any CPU
	EndGlobalSection
	GlobalSection(SolutionProperties) = preSolution
		HideSolutionNode = FALSE
	EndGlobalSection
	GlobalSection(ExtensibilityGlobals) = postSolution
		SolutionGuid = {B8D9E225-E998-4332-9348-AD55CB30A3FE}
	EndGlobalSection
EndGlobal
